
Microsoft Visual Studio Solution File, Format Version 12.00
# Visual Studio Version 16
VisualStudioVersion = 16.0.32126.315
MinimumVisualStudioVersion = 10.0.40219.1
Project("{9A19103F-16F7-4668-BE54-9A1E7A4F7556}") = "LunaDenyCakesGame", "LunaDenyCakesGame\LunaDenyCakesGame.csproj", "{8F9E4A73-3360-4204-92EA-7CB089C3E9B2}"
EndProject
Project("{9A19103F-16F7-4668-BE54-9A1E7A4F7556}") = "NetSfmlLib", "NetSfmlLib\NetSfmlLib\NetSfmlLib.csproj", "{0845FF6A-3FE7-4A27-B45C-5059C0E19257}"
EndProject
Global
	GlobalSection(SolutionConfigurationPlatforms) = preSolution
		Debug|Any CPU = Debug|Any CPU
		Release|Any CPU = Release|Any CPU
	EndGlobalSection
	GlobalSection(ProjectConfigurationPlatforms) = postSolution
		{8F9E4A73-3360-4204-92EA-7CB089C3E9B2}.Debug|Any CPU.ActiveCfg = Debug|Any CPU
		{8F9E4A73-3360-4204-92EA-7CB089C3E9B2}.Debug|Any CPU.Build.0 = Debug|Any CPU
		{8F9E4A73-3360-4204-92EA-7CB089C3E9B2}.Release|Any CPU.ActiveCfg = Release|Any CPU
		{8F9E4A73-3360-4204-92EA-7CB089C3E9B2}.Release|Any CPU.Build.0 = Release|Any CPU
		{0845FF6A-3FE7-4A27-B45C-5059C0E19257}.Debug|Any CPU.ActiveCfg = Debug|Any CPU
		{0845FF6A-3FE7-4A27-B45C-5059C0E19257}.Debug|Any CPU.Build.0 = Debug|Any CPU
		{0845FF6A-3FE7-4A27-B45C-5059C0E19257}.Release|Any CPU.ActiveCfg = Release|Any CPU
		{0845FF6A-3FE7-4A27-B45C-5059C0E19257}.Release|Any CPU.Build.0 = Release|Any CPU
	EndGlobalSection
	GlobalSection(SolutionProperties) = preSolution
		HideSolutionNode = FALSE
	EndGlobalSection
	GlobalSection(ExtensibilityGlobals) = postSolution
		SolutionGuid = {00D42488-EA30-4784-9E74-CD27FADD17B6}
	EndGlobalSection
EndGlobal
